
Microsoft Visual Studio Solution File, Format Version 12.00
# Visual Studio Version 17
VisualStudioVersion = 17.3.32825.248
MinimumVisualStudioVersion = 10.0.40219.1
Project("{FAE04EC0-301F-11D3-BF4B-00C04F79EFBC}") = "StudentCRUD", "StudentCRUD\StudentCRUD.csproj", "{6305DB81-ACCA-4174-A17C-09EB3FE2F5A8}"
EndProject
Global
	GlobalSection(SolutionConfigurationPlatforms) = preSolution
		Debug|Any CPU = Debug|Any CPU
		Release|Any CPU = Release|Any CPU
	EndGlobalSection
	GlobalSection(ProjectConfigurationPlatforms) = postSolution
		{6305DB81-ACCA-4174-A17C-09EB3FE2F5A8}.Debug|Any CPU.ActiveCfg = Debug|Any CPU
		{6305DB81-ACCA-4174-A17C-09EB3FE2F5A8}.Debug|Any CPU.Build.0 = Debug|Any CPU
		{6305DB81-ACCA-4174-A17C-09EB3FE2F5A8}.Release|Any CPU.ActiveCfg = Release|Any CPU
		{6305DB81-ACCA-4174-A17C-09EB3FE2F5A8}.Release|Any CPU.Build.0 = Release|Any CPU
	EndGlobalSection
	GlobalSection(SolutionProperties) = preSolution
		HideSolutionNode = FALSE
	EndGlobalSection
	GlobalSection(ExtensibilityGlobals) = postSolution
		SolutionGuid = {7B56FC7C-C531-4056-A0B5-2DD43235330D}
	EndGlobalSection
EndGlobal
